
Microsoft Visual Studio Solution File, Format Version 12.00
# Visual Studio Version 17
VisualStudioVersion = 17.0.31903.59
MinimumVisualStudioVersion = 10.0.40219.1
Project("{2150E333-8FDC-42A3-9474-1A3956D46DE8}") = "server", "server", "{DAD03CFC-D5FA-AC94-41C7-9ABAB326F09E}"
EndProject
Project("{FAE04EC0-301F-11D3-BF4B-00C04F79EFBC}") = "API", "server\API\API.csproj", "{312BC957-9088-4F3D-AF15-A5796C2A0B02}"
EndProject
Project("{FAE04EC0-301F-11D3-BF4B-00C04F79EFBC}") = "Application", "server\Application\Application.csproj", "{9E4EC5F2-BFE0-4A65-BD95-44D99A12FDC7}"
EndProject
Project("{FAE04EC0-301F-11D3-BF4B-00C04F79EFBC}") = "Domain", "server\Domain\Domain.csproj", "{5DA05F3B-2643-47FA-B857-9D64DF896E5D}"
EndProject
Project("{FAE04EC0-301F-11D3-BF4B-00C04F79EFBC}") = "Infrastructure", "server\Infrastructure\Infrastructure.csproj", "{E8209BA4-6D21-42A9-B164-9B9F200A466B}"
EndProject
Project("{FAE04EC0-301F-11D3-BF4B-00C04F79EFBC}") = "Persistence", "server\Persistence\Persistence.csproj", "{2C3263B6-563B-40CD-AB4F-A479C5285B58}"
EndProject
Global
	GlobalSection(SolutionConfigurationPlatforms) = preSolution
		Debug|Any CPU = Debug|Any CPU
		Debug|x64 = Debug|x64
		Debug|x86 = Debug|x86
		Release|Any CPU = Release|Any CPU
		Release|x64 = Release|x64
		Release|x86 = Release|x86
	EndGlobalSection
	GlobalSection(ProjectConfigurationPlatforms) = postSolution
		{312BC957-9088-4F3D-AF15-A5796C2A0B02}.Debug|Any CPU.ActiveCfg = Debug|Any CPU
		{312BC957-9088-4F3D-AF15-A5796C2A0B02}.Debug|Any CPU.Build.0 = Debug|Any CPU
		{312BC957-9088-4F3D-AF15-A5796C2A0B02}.Debug|x64.ActiveCfg = Debug|Any CPU
		{312BC957-9088-4F3D-AF15-A5796C2A0B02}.Debug|x64.Build.0 = Debug|Any CPU
		{312BC957-9088-4F3D-AF15-A5796C2A0B02}.Debug|x86.ActiveCfg = Debug|Any CPU
		{312BC957-9088-4F3D-AF15-A5796C2A0B02}.Debug|x86.Build.0 = Debug|Any CPU
		{312BC957-9088-4F3D-AF15-A5796C2A0B02}.Release|Any CPU.ActiveCfg = Release|Any CPU
		{312BC957-9088-4F3D-AF15-A5796C2A0B02}.Release|Any CPU.Build.0 = Release|Any CPU
		{312BC957-9088-4F3D-AF15-A5796C2A0B02}.Release|x64.ActiveCfg = Release|Any CPU
		{312BC957-9088-4F3D-AF15-A5796C2A0B02}.Release|x64.Build.0 = Release|Any CPU
		{312BC957-9088-4F3D-AF15-A5796C2A0B02}.Release|x86.ActiveCfg = Release|Any CPU
		{312BC957-9088-4F3D-AF15-A5796C2A0B02}.Release|x86.Build.0 = Release|Any CPU
		{9E4EC5F2-BFE0-4A65-BD95-44D99A12FDC7}.Debug|Any CPU.ActiveCfg = Debug|Any CPU
		{9E4EC5F2-BFE0-4A65-BD95-44D99A12FDC7}.Debug|Any CPU.Build.0 = Debug|Any CPU
		{9E4EC5F2-BFE0-4A65-BD95-44D99A12FDC7}.Debug|x64.ActiveCfg = Debug|Any CPU
		{9E4EC5F2-BFE0-4A65-BD95-44D99A12FDC7}.Debug|x64.Build.0 = Debug|Any CPU
		{9E4EC5F2-BFE0-4A65-BD95-44D99A12FDC7}.Debug|x86.ActiveCfg = Debug|Any CPU
		{9E4EC5F2-BFE0-4A65-BD95-44D99A12FDC7}.Debug|x86.Build.0 = Debug|Any CPU
		{9E4EC5F2-BFE0-4A65-BD95-44D99A12FDC7}.Release|Any CPU.ActiveCfg = Release|Any CPU
		{9E4EC5F2-BFE0-4A65-BD95-44D99A12FDC7}.Release|Any CPU.Build.0 = Release|Any CPU
		{9E4EC5F2-BFE0-4A65-BD95-44D99A12FDC7}.Release|x64.ActiveCfg = Release|Any CPU
		{9E4EC5F2-BFE0-4A65-BD95-44D99A12FDC7}.Release|x64.Build.0 = Release|Any CPU
		{9E4EC5F2-BFE0-4A65-BD95-44D99A12FDC7}.Release|x86.ActiveCfg = Release|Any CPU
		{9E4EC5F2-BFE0-4A65-BD95-44D99A12FDC7}.Release|x86.Build.0 = Release|Any CPU
		{5DA05F3B-2643-47FA-B857-9D64DF896E5D}.Debug|Any CPU.ActiveCfg = Debug|Any CPU
		{5DA05F3B-2643-47FA-B857-9D64DF896E5D}.Debug|Any CPU.Build.0 = Debug|Any CPU
		{5DA05F3B-2643-47FA-B857-9D64DF896E5D}.Debug|x64.ActiveCfg = Debug|Any CPU
		{5DA05F3B-2643-47FA-B857-9D64DF896E5D}.Debug|x64.Build.0 = Debug|Any CPU
		{5DA05F3B-2643-47FA-B857-9D64DF896E5D}.Debug|x86.ActiveCfg = Debug|Any CPU
		{5DA05F3B-2643-47FA-B857-9D64DF896E5D}.Debug|x86.Build.0 = Debug|Any CPU
		{5DA05F3B-2643-47FA-B857-9D64DF896E5D}.Release|Any CPU.ActiveCfg = Release|Any CPU
		{5DA05F3B-2643-47FA-B857-9D64DF896E5D}.Release|Any CPU.Build.0 = Release|Any CPU
		{5DA05F3B-2643-47FA-B857-9D64DF896E5D}.Release|x64.ActiveCfg = Release|Any CPU
		{5DA05F3B-2643-47FA-B857-9D64DF896E5D}.Release|x64.Build.0 = Release|Any CPU
		{5DA05F3B-2643-47FA-B857-9D64DF896E5D}.Release|x86.ActiveCfg = Release|Any CPU
		{5DA05F3B-2643-47FA-B857-9D64DF896E5D}.Release|x86.Build.0 = Release|Any CPU
		{E8209BA4-6D21-42A9-B164-9B9F200A466B}.Debug|Any CPU.ActiveCfg = Debug|Any CPU
		{E8209BA4-6D21-42A9-B164-9B9F200A466B}.Debug|Any CPU.Build.0 = Debug|Any CPU
		{E8209BA4-6D21-42A9-B164-9B9F200A466B}.Debug|x64.ActiveCfg = Debug|Any CPU
		{E8209BA4-6D21-42A9-B164-9B9F200A466B}.Debug|x64.Build.0 = Debug|Any CPU
		{E8209BA4-6D21-42A9-B164-9B9F200A466B}.Debug|x86.ActiveCfg = Debug|Any CPU
		{E8209BA4-6D21-42A9-B164-9B9F200A466B}.Debug|x86.Build.0 = Debug|Any CPU
		{E8209BA4-6D21-42A9-B164-9B9F200A466B}.Release|Any CPU.ActiveCfg = Release|Any CPU
		{E8209BA4-6D21-42A9-B164-9B9F200A466B}.Release|Any CPU.Build.0 = Release|Any CPU
		{E8209BA4-6D21-42A9-B164-9B9F200A466B}.Release|x64.ActiveCfg = Release|Any CPU
		{E8209BA4-6D21-42A9-B164-9B9F200A466B}.Release|x64.Build.0 = Release|Any CPU
		{E8209BA4-6D21-42A9-B164-9B9F200A466B}.Release|x86.ActiveCfg = Release|Any CPU
		{E8209BA4-6D21-42A9-B164-9B9F200A466B}.Release|x86.Build.0 = Release|Any CPU
		{2C3263B6-563B-40CD-AB4F-A479C5285B58}.Debug|Any CPU.ActiveCfg = Debug|Any CPU
		{2C3263B6-563B-40CD-AB4F-A479C5285B58}.Debug|Any CPU.Build.0 = Debug|Any CPU
		{2C3263B6-563B-40CD-AB4F-A479C5285B58}.Debug|x64.ActiveCfg = Debug|Any CPU
		{2C3263B6-563B-40CD-AB4F-A479C5285B58}.Debug|x64.Build.0 = Debug|Any CPU
		{2C3263B6-563B-40CD-AB4F-A479C5285B58}.Debug|x86.ActiveCfg = Debug|Any CPU
		{2C3263B6-563B-40CD-AB4F-A479C5285B58}.Debug|x86.Build.0 = Debug|Any CPU
		{2C3263B6-563B-40CD-AB4F-A479C5285B58}.Release|Any CPU.ActiveCfg = Release|Any CPU
		{2C3263B6-563B-40CD-AB4F-A479C5285B58}.Release|Any CPU.Build.0 = Release|Any CPU
		{2C3263B6-563B-40CD-AB4F-A479C5285B58}.Release|x64.ActiveCfg = Release|Any CPU
		{2C3263B6-563B-40CD-AB4F-A479C5285B58}.Release|x64.Build.0 = Release|Any CPU
		{2C3263B6-563B-40CD-AB4F-A479C5285B58}.Release|x86.ActiveCfg = Release|Any CPU
		{2C3263B6-563B-40CD-AB4F-A479C5285B58}.Release|x86.Build.0 = Release|Any CPU
	EndGlobalSection
	GlobalSection(SolutionProperties) = preSolution
		HideSolutionNode = FALSE
	EndGlobalSection
	GlobalSection(NestedProjects) = preSolution
		{312BC957-9088-4F3D-AF15-A5796C2A0B02} = {DAD03CFC-D5FA-AC94-41C7-9ABAB326F09E}
		{9E4EC5F2-BFE0-4A65-BD95-44D99A12FDC7} = {DAD03CFC-D5FA-AC94-41C7-9ABAB326F09E}
		{5DA05F3B-2643-47FA-B857-9D64DF896E5D} = {DAD03CFC-D5FA-AC94-41C7-9ABAB326F09E}
		{E8209BA4-6D21-42A9-B164-9B9F200A466B} = {DAD03CFC-D5FA-AC94-41C7-9ABAB326F09E}
		{2C3263B6-563B-40CD-AB4F-A479C5285B58} = {DAD03CFC-D5FA-AC94-41C7-9ABAB326F09E}
	EndGlobalSection
EndGlobal
